
Microsoft Visual Studio Solution File, Format Version 12.00
# Visual Studio Version 17
VisualStudioVersion = 17.2.32630.192
MinimumVisualStudioVersion = 10.0.40219.1
Project("{9A19103F-16F7-4668-BE54-9A1E7A4F7556}") = "SGI", "SGI\SGI.csproj", "{C09E240F-E324-490D-A306-26CC4EF35E76}"
EndProject
Project("{9A19103F-16F7-4668-BE54-9A1E7A4F7556}") = "Domain", "Domain\Domain.csproj", "{1F622B83-B11A-4BFA-8377-E448C24BA7DF}"
EndProject
Project("{9A19103F-16F7-4668-BE54-9A1E7A4F7556}") = "Infra", "Infra\Infra.csproj", "{31B767C8-1077-4AFC-8074-D73D8876968A}"
EndProject
Project("{9A19103F-16F7-4668-BE54-9A1E7A4F7556}") = "SGI_Web", "SGI_Web\SGI_Web.csproj", "{5819332B-8675-4800-8D52-70DB41A1F8A8}"
EndProject
Global
	GlobalSection(SolutionConfigurationPlatforms) = preSolution
		Debug|Any CPU = Debug|Any CPU
		Release|Any CPU = Release|Any CPU
	EndGlobalSection
	GlobalSection(ProjectConfigurationPlatforms) = postSolution
		{C09E240F-E324-490D-A306-26CC4EF35E76}.Debug|Any CPU.ActiveCfg = Debug|Any CPU
		{C09E240F-E324-490D-A306-26CC4EF35E76}.Debug|Any CPU.Build.0 = Debug|Any CPU
		{C09E240F-E324-490D-A306-26CC4EF35E76}.Release|Any CPU.ActiveCfg = Release|Any CPU
		{C09E240F-E324-490D-A306-26CC4EF35E76}.Release|Any CPU.Build.0 = Release|Any CPU
		{1F622B83-B11A-4BFA-8377-E448C24BA7DF}.Debug|Any CPU.ActiveCfg = Debug|Any CPU
		{1F622B83-B11A-4BFA-8377-E448C24BA7DF}.Debug|Any CPU.Build.0 = Debug|Any CPU
		{1F622B83-B11A-4BFA-8377-E448C24BA7DF}.Release|Any CPU.ActiveCfg = Release|Any CPU
		{1F622B83-B11A-4BFA-8377-E448C24BA7DF}.Release|Any CPU.Build.0 = Release|Any CPU
		{31B767C8-1077-4AFC-8074-D73D8876968A}.Debug|Any CPU.ActiveCfg = Debug|Any CPU
		{31B767C8-1077-4AFC-8074-D73D8876968A}.Debug|Any CPU.Build.0 = Debug|Any CPU
		{31B767C8-1077-4AFC-8074-D73D8876968A}.Release|Any CPU.ActiveCfg = Release|Any CPU
		{31B767C8-1077-4AFC-8074-D73D8876968A}.Release|Any CPU.Build.0 = Release|Any CPU
		{5819332B-8675-4800-8D52-70DB41A1F8A8}.Debug|Any CPU.ActiveCfg = Debug|Any CPU
		{5819332B-8675-4800-8D52-70DB41A1F8A8}.Debug|Any CPU.Build.0 = Debug|Any CPU
		{5819332B-8675-4800-8D52-70DB41A1F8A8}.Release|Any CPU.ActiveCfg = Release|Any CPU
		{5819332B-8675-4800-8D52-70DB41A1F8A8}.Release|Any CPU.Build.0 = Release|Any CPU
	EndGlobalSection
	GlobalSection(SolutionProperties) = preSolution
		HideSolutionNode = FALSE
	EndGlobalSection
	GlobalSection(ExtensibilityGlobals) = postSolution
		SolutionGuid = {FFE8BC5D-ACA2-4225-BAC5-168150ECC118}
	EndGlobalSection
EndGlobal
